
Microsoft Visual Studio Solution File, Format Version 11.00
# Visual Studio 2010
Project("{FAE04EC0-301F-11D3-BF4B-00C04F79EFBC}") = "Borex", "Borex\Borex.csproj", "{833F6E34-B964-434D-A74F-177A85CD6C55}"
EndProject
Project("{FAE04EC0-301F-11D3-BF4B-00C04F79EFBC}") = "Client.Cartman", "Client.Cartman\Client.Cartman.csproj", "{B10EAC42-2139-4B19-A71C-713A9B1DB54D}"
EndProject
Project("{FAE04EC0-301F-11D3-BF4B-00C04F79EFBC}") = "Client.Butters", "Client.Butters\Client.Butters.csproj", "{60388146-7D3A-4ACE-844D-94509331288D}"
EndProject
Project("{FAE04EC0-301F-11D3-BF4B-00C04F79EFBC}") = "Client.Kyle", "Client.Kyle\Client.Kyle.csproj", "{9F49F990-9C78-48DE-8BC4-AC150C884388}"
EndProject
Global
	GlobalSection(SolutionConfigurationPlatforms) = preSolution
		Debug|Any CPU = Debug|Any CPU
		Debug|Mixed Platforms = Debug|Mixed Platforms
		Debug|x86 = Debug|x86
		Release|Any CPU = Release|Any CPU
		Release|Mixed Platforms = Release|Mixed Platforms
		Release|x86 = Release|x86
	EndGlobalSection
	GlobalSection(ProjectConfigurationPlatforms) = postSolution
		{833F6E34-B964-434D-A74F-177A85CD6C55}.Debug|Any CPU.ActiveCfg = Debug|Any CPU
		{833F6E34-B964-434D-A74F-177A85CD6C55}.Debug|Any CPU.Build.0 = Debug|Any CPU
		{833F6E34-B964-434D-A74F-177A85CD6C55}.Debug|Mixed Platforms.ActiveCfg = Debug|Any CPU
		{833F6E34-B964-434D-A74F-177A85CD6C55}.Debug|Mixed Platforms.Build.0 = Debug|Any CPU
		{833F6E34-B964-434D-A74F-177A85CD6C55}.Debug|x86.ActiveCfg = Debug|Any CPU
		{833F6E34-B964-434D-A74F-177A85CD6C55}.Release|Any CPU.ActiveCfg = Release|Any CPU
		{833F6E34-B964-434D-A74F-177A85CD6C55}.Release|Any CPU.Build.0 = Release|Any CPU
		{833F6E34-B964-434D-A74F-177A85CD6C55}.Release|Mixed Platforms.ActiveCfg = Release|Any CPU
		{833F6E34-B964-434D-A74F-177A85CD6C55}.Release|Mixed Platforms.Build.0 = Release|Any CPU
		{833F6E34-B964-434D-A74F-177A85CD6C55}.Release|x86.ActiveCfg = Release|Any CPU
		{B10EAC42-2139-4B19-A71C-713A9B1DB54D}.Debug|Any CPU.ActiveCfg = Debug|x86
		{B10EAC42-2139-4B19-A71C-713A9B1DB54D}.Debug|Mixed Platforms.ActiveCfg = Debug|x86
		{B10EAC42-2139-4B19-A71C-713A9B1DB54D}.Debug|Mixed Platforms.Build.0 = Debug|x86
		{B10EAC42-2139-4B19-A71C-713A9B1DB54D}.Debug|x86.ActiveCfg = Debug|x86
		{B10EAC42-2139-4B19-A71C-713A9B1DB54D}.Debug|x86.Build.0 = Debug|x86
		{B10EAC42-2139-4B19-A71C-713A9B1DB54D}.Release|Any CPU.ActiveCfg = Release|x86
		{B10EAC42-2139-4B19-A71C-713A9B1DB54D}.Release|Mixed Platforms.ActiveCfg = Release|x86
		{B10EAC42-2139-4B19-A71C-713A9B1DB54D}.Release|Mixed Platforms.Build.0 = Release|x86
		{B10EAC42-2139-4B19-A71C-713A9B1DB54D}.Release|x86.ActiveCfg = Release|x86
		{B10EAC42-2139-4B19-A71C-713A9B1DB54D}.Release|x86.Build.0 = Release|x86
		{60388146-7D3A-4ACE-844D-94509331288D}.Debug|Any CPU.ActiveCfg = Debug|Any CPU
		{60388146-7D3A-4ACE-844D-94509331288D}.Debug|Any CPU.Build.0 = Debug|Any CPU
		{60388146-7D3A-4ACE-844D-94509331288D}.Debug|Mixed Platforms.ActiveCfg = Debug|Any CPU
		{60388146-7D3A-4ACE-844D-94509331288D}.Debug|Mixed Platforms.Build.0 = Debug|Any CPU
		{60388146-7D3A-4ACE-844D-94509331288D}.Debug|x86.ActiveCfg = Debug|Any CPU
		{60388146-7D3A-4ACE-844D-94509331288D}.Release|Any CPU.ActiveCfg = Release|Any CPU
		{60388146-7D3A-4ACE-844D-94509331288D}.Release|Any CPU.Build.0 = Release|Any CPU
		{60388146-7D3A-4ACE-844D-94509331288D}.Release|Mixed Platforms.ActiveCfg = Release|Any CPU
		{60388146-7D3A-4ACE-844D-94509331288D}.Release|Mixed Platforms.Build.0 = Release|Any CPU
		{60388146-7D3A-4ACE-844D-94509331288D}.Release|x86.ActiveCfg = Release|Any CPU
		{9F49F990-9C78-48DE-8BC4-AC150C884388}.Debug|Any CPU.ActiveCfg = Debug|x86
		{9F49F990-9C78-48DE-8BC4-AC150C884388}.Debug|Mixed Platforms.ActiveCfg = Debug|x86
		{9F49F990-9C78-48DE-8BC4-AC150C884388}.Debug|Mixed Platforms.Build.0 = Debug|x86
		{9F49F990-9C78-48DE-8BC4-AC150C884388}.Debug|x86.ActiveCfg = Debug|x86
		{9F49F990-9C78-48DE-8BC4-AC150C884388}.Debug|x86.Build.0 = Debug|x86
		{9F49F990-9C78-48DE-8BC4-AC150C884388}.Release|Any CPU.ActiveCfg = Release|x86
		{9F49F990-9C78-48DE-8BC4-AC150C884388}.Release|Mixed Platforms.ActiveCfg = Release|x86
		{9F49F990-9C78-48DE-8BC4-AC150C884388}.Release|Mixed Platforms.Build.0 = Release|x86
		{9F49F990-9C78-48DE-8BC4-AC150C884388}.Release|x86.ActiveCfg = Release|x86
		{9F49F990-9C78-48DE-8BC4-AC150C884388}.Release|x86.Build.0 = Release|x86
	EndGlobalSection
	GlobalSection(SolutionProperties) = preSolution
		HideSolutionNode = FALSE
	EndGlobalSection
EndGlobal
